
Microsoft Visual Studio Solution File, Format Version 12.00
# Visual Studio Version 16
VisualStudioVersion = 16.0.30503.244
MinimumVisualStudioVersion = 10.0.40219.1
Project("{FAE04EC0-301F-11D3-BF4B-00C04F79EFBC}") = "UnitTests", "UnitTests\UnitTests.csproj", "{D98DC3CA-3872-4858-8FCD-D8309581CCFD}"
EndProject
Project("{FAE04EC0-301F-11D3-BF4B-00C04F79EFBC}") = "GherkinTests", "GherkinTests\GherkinTests.csproj", "{4E7F9A2D-3FE0-465B-8550-C0C6E58468C2}"
EndProject
Project("{FAE04EC0-301F-11D3-BF4B-00C04F79EFBC}") = "SuperCsvLibrary", "SuperCsvLibrary\SuperCsvLibrary.csproj", "{535FB2B7-1706-4055-A1B2-1EF65DB98E48}"
EndProject
Global
	GlobalSection(SolutionConfigurationPlatforms) = preSolution
		Debug|Any CPU = Debug|Any CPU
		Release|Any CPU = Release|Any CPU
	EndGlobalSection
	GlobalSection(ProjectConfigurationPlatforms) = postSolution
		{D98DC3CA-3872-4858-8FCD-D8309581CCFD}.Debug|Any CPU.ActiveCfg = Debug|Any CPU
		{D98DC3CA-3872-4858-8FCD-D8309581CCFD}.Debug|Any CPU.Build.0 = Debug|Any CPU
		{D98DC3CA-3872-4858-8FCD-D8309581CCFD}.Release|Any CPU.ActiveCfg = Release|Any CPU
		{D98DC3CA-3872-4858-8FCD-D8309581CCFD}.Release|Any CPU.Build.0 = Release|Any CPU
		{4E7F9A2D-3FE0-465B-8550-C0C6E58468C2}.Debug|Any CPU.ActiveCfg = Debug|Any CPU
		{4E7F9A2D-3FE0-465B-8550-C0C6E58468C2}.Debug|Any CPU.Build.0 = Debug|Any CPU
		{4E7F9A2D-3FE0-465B-8550-C0C6E58468C2}.Release|Any CPU.ActiveCfg = Release|Any CPU
		{4E7F9A2D-3FE0-465B-8550-C0C6E58468C2}.Release|Any CPU.Build.0 = Release|Any CPU
		{535FB2B7-1706-4055-A1B2-1EF65DB98E48}.Debug|Any CPU.ActiveCfg = Debug|Any CPU
		{535FB2B7-1706-4055-A1B2-1EF65DB98E48}.Debug|Any CPU.Build.0 = Debug|Any CPU
		{535FB2B7-1706-4055-A1B2-1EF65DB98E48}.Release|Any CPU.ActiveCfg = Release|Any CPU
		{535FB2B7-1706-4055-A1B2-1EF65DB98E48}.Release|Any CPU.Build.0 = Release|Any CPU
	EndGlobalSection
	GlobalSection(SolutionProperties) = preSolution
		HideSolutionNode = FALSE
	EndGlobalSection
	GlobalSection(ExtensibilityGlobals) = postSolution
		SolutionGuid = {9CD63759-55E9-4596-96CB-17197E4193E0}
	EndGlobalSection
EndGlobal
